
Microsoft Visual Studio Solution File, Format Version 12.00
# Visual Studio 15
VisualStudioVersion = 15.0.28307.1800
MinimumVisualStudioVersion = 10.0.40219.1
Project("{159641D6-6404-4A2A-AE62-294DE0FE8301}") = "Practice5ExceltoDB", "Practice5ExceltoDB\Practice5ExceltoDB.dtproj", "{05FFB60B-AEEC-4DD9-B217-CB80B99FC22D}"
EndProject
Global
	GlobalSection(SolutionConfigurationPlatforms) = preSolution
		Development|Default = Development|Default
	EndGlobalSection
	GlobalSection(ProjectConfigurationPlatforms) = postSolution
		{05FFB60B-AEEC-4DD9-B217-CB80B99FC22D}.Development|Default.ActiveCfg = Development
		{05FFB60B-AEEC-4DD9-B217-CB80B99FC22D}.Development|Default.Build.0 = Development
	EndGlobalSection
	GlobalSection(SolutionProperties) = preSolution
		HideSolutionNode = FALSE
	EndGlobalSection
	GlobalSection(ExtensibilityGlobals) = postSolution
		SolutionGuid = {CB24611C-1F0F-4941-85BC-D39480DA5C19}
	EndGlobalSection
EndGlobal
